{
    "_readme": [
        "This file locks the dependencies of your project to a known state",
        "Read more about it at https://getcomposer.org/doc/01-basic-usage.md#composer-lock-the-lock-file",
        "This file is @generated automatically"
    ],
    "hash": "8dbb8792f2f1647781acfb23ba9a1b36",
    "content-hash": "1c11d263e5acf98d9cb0974603985589",
    "packages": [
        {
            "name": "hoa/core",
            "version": "2.15.09.03",
            "source": {
                "type": "git",
                "url": "https://github.com/hoaproject/Core.git",
                "reference": "305a881847478d635f3cf565fd5e8ef382c21a70"
            },
            "dist": {
                "type": "zip",
                "url": "https://api.github.com/repos/hoaproject/Core/zipball/305a881847478d635f3cf565fd5e8ef382c21a70",
                "reference": "305a881847478d635f3cf565fd5e8ef382c21a70",
                "shasum": ""
            },
            "require": {
                "ext-spl": "*",
                "php": ">=5.4.0"
            },
            "require-dev": {
                "hoa/test": "~1.0"
            },
            "suggest": {
                "ext-mbstring": "ext/mbstring must be present (or a third implementation).",
                "hoa/cli": "To use the `hoa` script."
            },
            "type": "library",
            "extra": {
                "branch-alias": {
                    "dev-master": "2.x-dev"
                }
            },
            "autoload": {
                "psr-4": {
                    "Hoa\\Core\\": "."
                },
                "files": [
                    "Core.php"
                ]
            },
            "notification-url": "https://packagist.org/downloads/",
            "license": [
                "BSD-3-Clause"
            ],
            "authors": [
                {
                    "name": "Ivan Enderlin",
                    "email": "ivan.enderlin@hoa-project.net"
                },
                {
                    "name": "Hoa community",
                    "homepage": "http://hoa-project.net/"
                }
            ],
            "description": "The Hoa\\Core library.",
            "homepage": "http://hoa-project.net/",
            "keywords": [
                "consistency",
                "core",
                "data",
                "event",
                "library",
                "listener",
                "parameter",
                "protocol"
            ],
            "time": "2015-09-03 08:28:53"
        },
        {
            "name": "hoa/dispatcher",
            "version": "0.15.05.29",
            "source": {
                "type": "git",
                "url": "https://github.com/hoaproject/Dispatcher.git",
                "reference": "bd81177ea5bf8f3814f4790b8def9b6714baa682"
            },
            "dist": {
                "type": "zip",
                "url": "https://api.github.com/repos/hoaproject/Dispatcher/zipball/bd81177ea5bf8f3814f4790b8def9b6714baa682",
                "reference": "bd81177ea5bf8f3814f4790b8def9b6714baa682",
                "shasum": ""
            },
            "require": {
                "hoa/core": "~2.0"
            },
            "require-dev": {
                "hoa/router": "~2.0",
                "hoa/test": "~1.0",
                "hoa/view": "~2.0"
            },
            "suggest": {
                "hoa/router": "Provide routers.",
                "hoa/view": "Provide view interface."
            },
            "type": "library",
            "extra": {
                "branch-alias": {
                    "dev-master": "0.x-dev"
                }
            },
            "autoload": {
                "psr-4": {
                    "Hoa\\Dispatcher\\": "."
                }
            },
            "notification-url": "https://packagist.org/downloads/",
            "license": [
                "BSD-3-Clause"
            ],
            "authors": [
                {
                    "name": "Ivan Enderlin",
                    "email": "ivan.enderlin@hoa-project.net"
                },
                {
                    "name": "Hoa community",
                    "homepage": "http://hoa-project.net/"
                }
            ],
            "description": "The Hoa\\Dispatcher library.",
            "homepage": "http://hoa-project.net/",
            "keywords": [
                "dispatcher",
                "kit",
                "library"
            ],
            "time": "2015-05-29 13:48:38"
        },
        {
            "name": "hoa/file",
            "version": "0.15.05.27",
            "source": {
                "type": "git",
                "url": "https://github.com/hoaproject/File.git",
                "reference": "bd82aff5e81f16971c5fc99301a5c5717b1fd4da"
            },
            "dist": {
                "type": "zip",
                "url": "https://api.github.com/repos/hoaproject/File/zipball/bd82aff5e81f16971c5fc99301a5c5717b1fd4da",
                "reference": "bd82aff5e81f16971c5fc99301a5c5717b1fd4da",
                "shasum": ""
            },
            "require": {
                "hoa/core": "~2.0",
                "hoa/iterator": "~1.0",
                "hoa/stream": "~0.0"
            },
            "require-dev": {
                "hoa/test": "~1.0"
            },
            "type": "library",
            "extra": {
                "branch-alias": {
                    "dev-master": "0.x-dev"
                }
            },
            "autoload": {
                "psr-4": {
                    "Hoa\\File\\": "."
                }
            },
            "notification-url": "https://packagist.org/downloads/",
            "license": [
                "BSD-3-Clause"
            ],
            "authors": [
                {
                    "name": "Ivan Enderlin",
                    "email": "ivan.enderlin@hoa-project.net"
                },
                {
                    "name": "Hoa community",
                    "homepage": "http://hoa-project.net/"
                }
            ],
            "description": "The Hoa\\File library.",
            "homepage": "http://hoa-project.net/",
            "keywords": [
                "Socket",
                "directory",
                "file",
                "finder",
                "library",
                "link",
                "temporary"
            ],
            "time": "2015-05-27 09:18:31"
        },
        {
            "name": "hoa/iterator",
            "version": "1.15.10.29",
            "source": {
                "type": "git",
                "url": "https://github.com/hoaproject/Iterator.git",
                "reference": "a64ed9fd62579a34e4450134d6d1abdf77d54435"
            },
            "dist": {
                "type": "zip",
                "url": "https://api.github.com/repos/hoaproject/Iterator/zipball/a64ed9fd62579a34e4450134d6d1abdf77d54435",
                "reference": "a64ed9fd62579a34e4450134d6d1abdf77d54435",
                "shasum": ""
            },
            "require": {
                "hoa/core": "~2.0"
            },
            "require-dev": {
                "hoa/test": "~1.0"
            },
            "type": "library",
            "extra": {
                "branch-alias": {
                    "dev-master": "1.x-dev"
                }
            },
            "autoload": {
                "psr-4": {
                    "Hoa\\Iterator\\": "."
                }
            },
            "notification-url": "https://packagist.org/downloads/",
            "license": [
                "BSD-3-Clause"
            ],
            "authors": [
                {
                    "name": "Ivan Enderlin",
                    "email": "ivan.enderlin@hoa-project.net"
                },
                {
                    "name": "Hoa community",
                    "homepage": "http://hoa-project.net/"
                }
            ],
            "description": "The Hoa\\Iterator library.",
            "homepage": "http://hoa-project.net/",
            "keywords": [
                "iterator",
                "library"
            ],
            "time": "2015-10-29 21:37:16"
        },
        {
            "name": "hoa/mime",
            "version": "2.15.10.29",
            "source": {
                "type": "git",
                "url": "https://github.com/hoaproject/Mime.git",
                "reference": "cf8a3dc55792445be91e9741d7192a6382b8e9bb"
            },
            "dist": {
                "type": "zip",
                "url": "https://api.github.com/repos/hoaproject/Mime/zipball/cf8a3dc55792445be91e9741d7192a6382b8e9bb",
                "reference": "cf8a3dc55792445be91e9741d7192a6382b8e9bb",
                "shasum": ""
            },
            "require": {
                "hoa/core": "~2.0",
                "hoa/stream": "~0.0"
            },
            "require-dev": {
                "hoa/file": "~0.0",
                "hoa/test": "~1.0"
            },
            "type": "library",
            "extra": {
                "branch-alias": {
                    "dev-master": "2.x-dev"
                }
            },
            "autoload": {
                "psr-4": {
                    "Hoa\\Mime\\": "."
                }
            },
            "notification-url": "https://packagist.org/downloads/",
            "license": [
                "BSD-3-Clause"
            ],
            "authors": [
                {
                    "name": "Ivan Enderlin",
                    "email": "ivan.enderlin@hoa-project.net"
                },
                {
                    "name": "Hoa community",
                    "homepage": "http://hoa-project.net/"
                }
            ],
            "description": "The Hoa\\Mime library.",
            "homepage": "http://hoa-project.net/",
            "keywords": [
                "library",
                "mime",
                "type"
            ],
            "time": "2015-10-29 21:39:16"
        },
        {
            "name": "hoa/router",
            "version": "2.15.10.21",
            "source": {
                "type": "git",
                "url": "https://github.com/hoaproject/Router.git",
                "reference": "6d9a39c5655660ea80d8196fddccdc02054ea3bd"
            },
            "dist": {
                "type": "zip",
                "url": "https://api.github.com/repos/hoaproject/Router/zipball/6d9a39c5655660ea80d8196fddccdc02054ea3bd",
                "reference": "6d9a39c5655660ea80d8196fddccdc02054ea3bd",
                "shasum": ""
            },
            "require": {
                "hoa/core": "~2.0"
            },
            "type": "library",
            "extra": {
                "branch-alias": {
                    "dev-master": "2.x-dev"
                }
            },
            "autoload": {
                "psr-4": {
                    "Hoa\\Router\\": "."
                }
            },
            "notification-url": "https://packagist.org/downloads/",
            "license": [
                "BSD-3-Clause"
            ],
            "authors": [
                {
                    "name": "Ivan Enderlin",
                    "email": "ivan.enderlin@hoa-project.net"
                },
                {
                    "name": "Hoa community",
                    "homepage": "http://hoa-project.net/"
                }
            ],
            "description": "The Hoa\\Router library.",
            "homepage": "http://hoa-project.net/",
            "keywords": [
                "cli",
                "http",
                "library",
                "router"
            ],
            "time": "2015-10-21 14:12:51"
        },
        {
            "name": "hoa/stream",
            "version": "0.15.10.26",
            "source": {
                "type": "git",
                "url": "https://github.com/hoaproject/Stream.git",
                "reference": "011ab91d942f1d7096deade4c8a10fe57d51c5b3"
            },
            "dist": {
                "type": "zip",
                "url": "https://api.github.com/repos/hoaproject/Stream/zipball/011ab91d942f1d7096deade4c8a10fe57d51c5b3",
                "reference": "011ab91d942f1d7096deade4c8a10fe57d51c5b3",
                "shasum": ""
            },
            "require": {
                "hoa/core": "~2.0"
            },
            "type": "library",
            "extra": {
                "branch-alias": {
                    "dev-master": "0.x-dev"
                }
            },
            "autoload": {
                "psr-4": {
                    "Hoa\\Stream\\": "."
                }
            },
            "notification-url": "https://packagist.org/downloads/",
            "license": [
                "BSD-3-Clause"
            ],
            "authors": [
                {
                    "name": "Ivan Enderlin",
                    "email": "ivan.enderlin@hoa-project.net"
                },
                {
                    "name": "Hoa community",
                    "homepage": "http://hoa-project.net/"
                }
            ],
            "description": "The Hoa\\Stream library.",
            "homepage": "http://hoa-project.net/",
            "keywords": [
                "Context",
                "bucket",
                "composite",
                "filter",
                "in",
                "library",
                "out",
                "protocol",
                "stream",
                "wrapper"
            ],
            "time": "2015-10-22 06:30:43"
        },
        {
            "name": "hoa/view",
            "version": "2.15.09.08",
            "source": {
                "type": "git",
                "url": "https://github.com/hoaproject/View.git",
                "reference": "b07f97332644b8edaf5bc70c63bdb69f0fd0af96"
            },
            "dist": {
                "type": "zip",
                "url": "https://api.github.com/repos/hoaproject/View/zipball/b07f97332644b8edaf5bc70c63bdb69f0fd0af96",
                "reference": "b07f97332644b8edaf5bc70c63bdb69f0fd0af96",
                "shasum": ""
            },
            "require": {
                "hoa/core": "~2.0"
            },
            "require-dev": {
                "hoa/test": "~1.0"
            },
            "suggest": {
                "hoa/router": "Provide routers.",
                "hoa/stream": "Provide stream interfaces."
            },
            "type": "library",
            "extra": {
                "branch-alias": {
                    "dev-master": "2.x-dev"
                }
            },
            "autoload": {
                "psr-4": {
                    "Hoa\\View\\": "."
                }
            },
            "notification-url": "https://packagist.org/downloads/",
            "license": [
                "BSD-3-Clause"
            ],
            "authors": [
                {
                    "name": "Ivan Enderlin",
                    "email": "ivan.enderlin@hoa-project.net"
                },
                {
                    "name": "Hoa community",
                    "homepage": "http://hoa-project.net/"
                }
            ],
            "description": "The Hoa\\View library.",
            "homepage": "http://hoa-project.net/",
            "keywords": [
                "library",
                "render",
                "view"
            ],
            "time": "2015-09-08 11:15:15"
        }
    ],
    "packages-dev": [],
    "aliases": [],
    "minimum-stability": "stable",
    "stability-flags": [],
    "prefer-stable": false,
    "prefer-lowest": false,
    "platform": [],
    "platform-dev": []
}
